
Microsoft Visual Studio Solution File, Format Version 12.00
# Visual Studio Version 17
VisualStudioVersion = 17.0.32014.148
MinimumVisualStudioVersion = 10.0.40219.1
Project("{8BC9CEB8-8B4A-11D0-8D11-00A0C91BC942}") = "Project1-spel", "Project1-spel\Project1-spel.vcxproj", "{B071AFFF-CC7C-40B2-8EDE-54D2621D4D0D}"
EndProject
Project("{8BC9CEB8-8B4A-11D0-8D11-00A0C91BC942}") = "Tuff", "Tuff\Tuff.vcxproj", "{FC1AD6B2-373C-42D1-B45F-9F3234363F6E}"
EndProject
Global
	GlobalSection(SolutionConfigurationPlatforms) = preSolution
		Debug|x64 = Debug|x64
		Release|x64 = Release|x64
	EndGlobalSection
	GlobalSection(ProjectConfigurationPlatforms) = postSolution
		{B071AFFF-CC7C-40B2-8EDE-54D2621D4D0D}.Debug|x64.ActiveCfg = Debug|x64
		{B071AFFF-CC7C-40B2-8EDE-54D2621D4D0D}.Debug|x64.Build.0 = Debug|x64
		{B071AFFF-CC7C-40B2-8EDE-54D2621D4D0D}.Release|x64.ActiveCfg = Release|x64
		{B071AFFF-CC7C-40B2-8EDE-54D2621D4D0D}.Release|x64.Build.0 = Release|x64
		{FC1AD6B2-373C-42D1-B45F-9F3234363F6E}.Debug|x64.ActiveCfg = Debug|x64
		{FC1AD6B2-373C-42D1-B45F-9F3234363F6E}.Debug|x64.Build.0 = Debug|x64
		{FC1AD6B2-373C-42D1-B45F-9F3234363F6E}.Release|x64.ActiveCfg = Release|x64
		{FC1AD6B2-373C-42D1-B45F-9F3234363F6E}.Release|x64.Build.0 = Release|x64
	EndGlobalSection
	GlobalSection(SolutionProperties) = preSolution
		HideSolutionNode = FALSE
	EndGlobalSection
	GlobalSection(ExtensibilityGlobals) = postSolution
		SolutionGuid = {E9F13008-8676-4904-9886-770986F3358C}
	EndGlobalSection
EndGlobal
